
Microsoft Visual Studio Solution File, Format Version 12.00
# Visual Studio Version 16
VisualStudioVersion = 16.0.31410.357
MinimumVisualStudioVersion = 10.0.40219.1
Project("{FAE04EC0-301F-11D3-BF4B-00C04F79EFBC}") = "Komodo Cafe", "GoldBadgeFinalProject\Komodo Cafe.csproj", "{70595212-7AC1-4CB9-9935-089E7A09E0A9}"
EndProject
Project("{FAE04EC0-301F-11D3-BF4B-00C04F79EFBC}") = "KomodoCafeTest", "KomodoTest\KomodoCafeTest.csproj", "{F3D33AC0-9DAF-4F6B-A0B5-C9252BAD28D4}"
EndProject
Project("{2150E333-8FDC-42A3-9474-1A3956D46DE8}") = "KomodoCafe", "KomodoCafe", "{6AB67411-D0F2-479C-83B9-F7EFAB7E9780}"
EndProject
Project("{2150E333-8FDC-42A3-9474-1A3956D46DE8}") = "KomodoClaimsDept", "KomodoClaimsDept", "{30E9D6E1-3CD3-4C12-955A-9212D4A74894}"
EndProject
Project("{2150E333-8FDC-42A3-9474-1A3956D46DE8}") = "KomodoInsurance", "KomodoInsurance", "{09838ED0-2248-465E-B51A-6F57DEF798E3}"
EndProject
Project("{2150E333-8FDC-42A3-9474-1A3956D46DE8}") = "KomodoOutings", "KomodoOutings", "{0AE698C6-957E-4A34-86AE-9D28BF859E06}"
EndProject
Project("{2150E333-8FDC-42A3-9474-1A3956D46DE8}") = "EmailProblem", "EmailProblem", "{05E2C60B-C29D-4813-B10D-2CF1B4C99FC5}"
EndProject
Project("{FAE04EC0-301F-11D3-BF4B-00C04F79EFBC}") = "KomodoCafeRepository", "KomodoCafeRepository\KomodoCafeRepository.csproj", "{EF82807A-9EC8-4531-8B46-46536FF704CF}"
EndProject
Project("{FAE04EC0-301F-11D3-BF4B-00C04F79EFBC}") = "KomodoClaimsDept", "KomodoClaimsDept\KomodoClaimsDept.csproj", "{ECF8A200-0E5D-4D61-9633-4029DA95CBCD}"
EndProject
Project("{FAE04EC0-301F-11D3-BF4B-00C04F79EFBC}") = "KomodoClaimsDeptRepo", "KomodoClaimsDeptRepo\KomodoClaimsDeptRepo.csproj", "{570740D1-0535-4FB6-BA0E-075C000C6D60}"
EndProject
Project("{FAE04EC0-301F-11D3-BF4B-00C04F79EFBC}") = "KomodoClaimsTest", "KomodoClaimsTest\KomodoClaimsTest.csproj", "{7DA391B7-7671-4733-9D50-8C2568934840}"
EndProject
Project("{FAE04EC0-301F-11D3-BF4B-00C04F79EFBC}") = "Komodo Insurance", "Komodo Insurance\Komodo Insurance.csproj", "{898292FB-6D7E-4B18-9A4E-A7BC4EEB6FD6}"
EndProject
Project("{FAE04EC0-301F-11D3-BF4B-00C04F79EFBC}") = "KomodoInsuranceRepository", "Komodo Insurance Repository\KomodoInsuranceRepository.csproj", "{02A401A0-07FB-45C8-B560-AF1EFFAAD81B}"
EndProject
Project("{FAE04EC0-301F-11D3-BF4B-00C04F79EFBC}") = "KomodoInsuranceTest", "KomodoInsuranceTest\KomodoInsuranceTest.csproj", "{71BFB292-0DA0-4616-B6D7-95F36F45FB9C}"
EndProject
Project("{FAE04EC0-301F-11D3-BF4B-00C04F79EFBC}") = "KomodoOutings", "KomodoOutings\KomodoOutings.csproj", "{61DD4562-6676-4A51-BB4E-D36CC8DBB3B8}"
EndProject
Project("{FAE04EC0-301F-11D3-BF4B-00C04F79EFBC}") = "KomodoOutingsRepo", "KomodoOutingsRepo\KomodoOutingsRepo.csproj", "{429D79E3-E3E9-4299-9E62-D940D1B9A588}"
EndProject
Project("{FAE04EC0-301F-11D3-BF4B-00C04F79EFBC}") = "KomodoOutingsTest", "KomodoOutingsTest\KomodoOutingsTest.csproj", "{9FB3CEAE-5C6D-48C8-9E7C-3AEAABB0FF28}"
EndProject
Project("{FAE04EC0-301F-11D3-BF4B-00C04F79EFBC}") = "Email Problem", "Email Problem\Email Problem.csproj", "{AC01084E-BF84-475C-8C8E-78D050F2BEEB}"
EndProject
Project("{FAE04EC0-301F-11D3-BF4B-00C04F79EFBC}") = "Email Problem Repo", "Email Problem Repo\Email Problem Repo.csproj", "{ABEEEBD9-6BA4-4091-A46C-6213D9C15CB4}"
EndProject
Project("{FAE04EC0-301F-11D3-BF4B-00C04F79EFBC}") = "Email Problem Test", "Email Problem Test\Email Problem Test.csproj", "{36CCC336-1E0F-4C6E-9BC9-B91E3D97E334}"
EndProject
Global
	GlobalSection(SolutionConfigurationPlatforms) = preSolution
		Debug|Any CPU = Debug|Any CPU
		Release|Any CPU = Release|Any CPU
	EndGlobalSection
	GlobalSection(ProjectConfigurationPlatforms) = postSolution
		{70595212-7AC1-4CB9-9935-089E7A09E0A9}.Debug|Any CPU.ActiveCfg = Debug|Any CPU
		{70595212-7AC1-4CB9-9935-089E7A09E0A9}.Debug|Any CPU.Build.0 = Debug|Any CPU
		{70595212-7AC1-4CB9-9935-089E7A09E0A9}.Release|Any CPU.ActiveCfg = Release|Any CPU
		{70595212-7AC1-4CB9-9935-089E7A09E0A9}.Release|Any CPU.Build.0 = Release|Any CPU
		{F3D33AC0-9DAF-4F6B-A0B5-C9252BAD28D4}.Debug|Any CPU.ActiveCfg = Debug|Any CPU
		{F3D33AC0-9DAF-4F6B-A0B5-C9252BAD28D4}.Debug|Any CPU.Build.0 = Debug|Any CPU
		{F3D33AC0-9DAF-4F6B-A0B5-C9252BAD28D4}.Release|Any CPU.ActiveCfg = Release|Any CPU
		{F3D33AC0-9DAF-4F6B-A0B5-C9252BAD28D4}.Release|Any CPU.Build.0 = Release|Any CPU
		{EF82807A-9EC8-4531-8B46-46536FF704CF}.Debug|Any CPU.ActiveCfg = Debug|Any CPU
		{EF82807A-9EC8-4531-8B46-46536FF704CF}.Debug|Any CPU.Build.0 = Debug|Any CPU
		{EF82807A-9EC8-4531-8B46-46536FF704CF}.Release|Any CPU.ActiveCfg = Release|Any CPU
		{EF82807A-9EC8-4531-8B46-46536FF704CF}.Release|Any CPU.Build.0 = Release|Any CPU
		{ECF8A200-0E5D-4D61-9633-4029DA95CBCD}.Debug|Any CPU.ActiveCfg = Debug|Any CPU
		{ECF8A200-0E5D-4D61-9633-4029DA95CBCD}.Debug|Any CPU.Build.0 = Debug|Any CPU
		{ECF8A200-0E5D-4D61-9633-4029DA95CBCD}.Release|Any CPU.ActiveCfg = Release|Any CPU
		{ECF8A200-0E5D-4D61-9633-4029DA95CBCD}.Release|Any CPU.Build.0 = Release|Any CPU
		{570740D1-0535-4FB6-BA0E-075C000C6D60}.Debug|Any CPU.ActiveCfg = Debug|Any CPU
		{570740D1-0535-4FB6-BA0E-075C000C6D60}.Debug|Any CPU.Build.0 = Debug|Any CPU
		{570740D1-0535-4FB6-BA0E-075C000C6D60}.Release|Any CPU.ActiveCfg = Release|Any CPU
		{570740D1-0535-4FB6-BA0E-075C000C6D60}.Release|Any CPU.Build.0 = Release|Any CPU
		{7DA391B7-7671-4733-9D50-8C2568934840}.Debug|Any CPU.ActiveCfg = Debug|Any CPU
		{7DA391B7-7671-4733-9D50-8C2568934840}.Debug|Any CPU.Build.0 = Debug|Any CPU
		{7DA391B7-7671-4733-9D50-8C2568934840}.Release|Any CPU.ActiveCfg = Release|Any CPU
		{7DA391B7-7671-4733-9D50-8C2568934840}.Release|Any CPU.Build.0 = Release|Any CPU
		{898292FB-6D7E-4B18-9A4E-A7BC4EEB6FD6}.Debug|Any CPU.ActiveCfg = Debug|Any CPU
		{898292FB-6D7E-4B18-9A4E-A7BC4EEB6FD6}.Debug|Any CPU.Build.0 = Debug|Any CPU
		{898292FB-6D7E-4B18-9A4E-A7BC4EEB6FD6}.Release|Any CPU.ActiveCfg = Release|Any CPU
		{898292FB-6D7E-4B18-9A4E-A7BC4EEB6FD6}.Release|Any CPU.Build.0 = Release|Any CPU
		{02A401A0-07FB-45C8-B560-AF1EFFAAD81B}.Debug|Any CPU.ActiveCfg = Debug|Any CPU
		{02A401A0-07FB-45C8-B560-AF1EFFAAD81B}.Debug|Any CPU.Build.0 = Debug|Any CPU
		{02A401A0-07FB-45C8-B560-AF1EFFAAD81B}.Release|Any CPU.ActiveCfg = Release|Any CPU
		{02A401A0-07FB-45C8-B560-AF1EFFAAD81B}.Release|Any CPU.Build.0 = Release|Any CPU
		{71BFB292-0DA0-4616-B6D7-95F36F45FB9C}.Debug|Any CPU.ActiveCfg = Debug|Any CPU
		{71BFB292-0DA0-4616-B6D7-95F36F45FB9C}.Debug|Any CPU.Build.0 = Debug|Any CPU
		{71BFB292-0DA0-4616-B6D7-95F36F45FB9C}.Release|Any CPU.ActiveCfg = Release|Any CPU
		{71BFB292-0DA0-4616-B6D7-95F36F45FB9C}.Release|Any CPU.Build.0 = Release|Any CPU
		{61DD4562-6676-4A51-BB4E-D36CC8DBB3B8}.Debug|Any CPU.ActiveCfg = Debug|Any CPU
		{61DD4562-6676-4A51-BB4E-D36CC8DBB3B8}.Debug|Any CPU.Build.0 = Debug|Any CPU
		{61DD4562-6676-4A51-BB4E-D36CC8DBB3B8}.Release|Any CPU.ActiveCfg = Release|Any CPU
		{61DD4562-6676-4A51-BB4E-D36CC8DBB3B8}.Release|Any CPU.Build.0 = Release|Any CPU
		{429D79E3-E3E9-4299-9E62-D940D1B9A588}.Debug|Any CPU.ActiveCfg = Debug|Any CPU
		{429D79E3-E3E9-4299-9E62-D940D1B9A588}.Debug|Any CPU.Build.0 = Debug|Any CPU
		{429D79E3-E3E9-4299-9E62-D940D1B9A588}.Release|Any CPU.ActiveCfg = Release|Any CPU
		{429D79E3-E3E9-4299-9E62-D940D1B9A588}.Release|Any CPU.Build.0 = Release|Any CPU
		{9FB3CEAE-5C6D-48C8-9E7C-3AEAABB0FF28}.Debug|Any CPU.ActiveCfg = Debug|Any CPU
		{9FB3CEAE-5C6D-48C8-9E7C-3AEAABB0FF28}.Debug|Any CPU.Build.0 = Debug|Any CPU
		{9FB3CEAE-5C6D-48C8-9E7C-3AEAABB0FF28}.Release|Any CPU.ActiveCfg = Release|Any CPU
		{9FB3CEAE-5C6D-48C8-9E7C-3AEAABB0FF28}.Release|Any CPU.Build.0 = Release|Any CPU
		{AC01084E-BF84-475C-8C8E-78D050F2BEEB}.Debug|Any CPU.ActiveCfg = Debug|Any CPU
		{AC01084E-BF84-475C-8C8E-78D050F2BEEB}.Debug|Any CPU.Build.0 = Debug|Any CPU
		{AC01084E-BF84-475C-8C8E-78D050F2BEEB}.Release|Any CPU.ActiveCfg = Release|Any CPU
		{AC01084E-BF84-475C-8C8E-78D050F2BEEB}.Release|Any CPU.Build.0 = Release|Any CPU
		{ABEEEBD9-6BA4-4091-A46C-6213D9C15CB4}.Debug|Any CPU.ActiveCfg = Debug|Any CPU
		{ABEEEBD9-6BA4-4091-A46C-6213D9C15CB4}.Debug|Any CPU.Build.0 = Debug|Any CPU
		{ABEEEBD9-6BA4-4091-A46C-6213D9C15CB4}.Release|Any CPU.ActiveCfg = Release|Any CPU
		{ABEEEBD9-6BA4-4091-A46C-6213D9C15CB4}.Release|Any CPU.Build.0 = Release|Any CPU
		{36CCC336-1E0F-4C6E-9BC9-B91E3D97E334}.Debug|Any CPU.ActiveCfg = Debug|Any CPU
		{36CCC336-1E0F-4C6E-9BC9-B91E3D97E334}.Debug|Any CPU.Build.0 = Debug|Any CPU
		{36CCC336-1E0F-4C6E-9BC9-B91E3D97E334}.Release|Any CPU.ActiveCfg = Release|Any CPU
		{36CCC336-1E0F-4C6E-9BC9-B91E3D97E334}.Release|Any CPU.Build.0 = Release|Any CPU
	EndGlobalSection
	GlobalSection(SolutionProperties) = preSolution
		HideSolutionNode = FALSE
	EndGlobalSection
	GlobalSection(NestedProjects) = preSolution
		{70595212-7AC1-4CB9-9935-089E7A09E0A9} = {6AB67411-D0F2-479C-83B9-F7EFAB7E9780}
		{F3D33AC0-9DAF-4F6B-A0B5-C9252BAD28D4} = {6AB67411-D0F2-479C-83B9-F7EFAB7E9780}
		{EF82807A-9EC8-4531-8B46-46536FF704CF} = {6AB67411-D0F2-479C-83B9-F7EFAB7E9780}
		{ECF8A200-0E5D-4D61-9633-4029DA95CBCD} = {30E9D6E1-3CD3-4C12-955A-9212D4A74894}
		{570740D1-0535-4FB6-BA0E-075C000C6D60} = {30E9D6E1-3CD3-4C12-955A-9212D4A74894}
		{7DA391B7-7671-4733-9D50-8C2568934840} = {30E9D6E1-3CD3-4C12-955A-9212D4A74894}
		{898292FB-6D7E-4B18-9A4E-A7BC4EEB6FD6} = {09838ED0-2248-465E-B51A-6F57DEF798E3}
		{02A401A0-07FB-45C8-B560-AF1EFFAAD81B} = {09838ED0-2248-465E-B51A-6F57DEF798E3}
		{71BFB292-0DA0-4616-B6D7-95F36F45FB9C} = {09838ED0-2248-465E-B51A-6F57DEF798E3}
		{61DD4562-6676-4A51-BB4E-D36CC8DBB3B8} = {0AE698C6-957E-4A34-86AE-9D28BF859E06}
		{429D79E3-E3E9-4299-9E62-D940D1B9A588} = {0AE698C6-957E-4A34-86AE-9D28BF859E06}
		{9FB3CEAE-5C6D-48C8-9E7C-3AEAABB0FF28} = {0AE698C6-957E-4A34-86AE-9D28BF859E06}
		{AC01084E-BF84-475C-8C8E-78D050F2BEEB} = {05E2C60B-C29D-4813-B10D-2CF1B4C99FC5}
		{ABEEEBD9-6BA4-4091-A46C-6213D9C15CB4} = {05E2C60B-C29D-4813-B10D-2CF1B4C99FC5}
		{36CCC336-1E0F-4C6E-9BC9-B91E3D97E334} = {05E2C60B-C29D-4813-B10D-2CF1B4C99FC5}
	EndGlobalSection
	GlobalSection(ExtensibilityGlobals) = postSolution
		SolutionGuid = {13854430-FAA3-41E4-8473-86BA3E30FDB6}
	EndGlobalSection
EndGlobal
